
Microsoft Visual Studio Solution File, Format Version 12.00
# Visual Studio Version 17
VisualStudioVersion = 17.0.31903.59
MinimumVisualStudioVersion = 10.0.40219.1
Project("{FAE04EC0-301F-11D3-BF4B-00C04F79EFBC}") = "Northwind.OrderManagement.API", "Northwind.OrderManagement.API\Northwind.OrderManagement.API.csproj", "{EFB17797-6E8C-44EE-A1DD-E3CDD132C702}"
EndProject
Project("{FAE04EC0-301F-11D3-BF4B-00C04F79EFBC}") = "Northwind.OrderManagement.Domain", "Northwind.OrderManagement.Domain\Northwind.OrderManagement.Domain.csproj", "{6EFEC3A5-2652-443E-A132-8FFAF8F17997}"
EndProject
Project("{FAE04EC0-301F-11D3-BF4B-00C04F79EFBC}") = "Northwind.OrderManagement.Application", "Northwind.OrderManagement.Application\Northwind.OrderManagement.Application.csproj", "{4F971B5F-FB0F-43FC-80D9-D0FD6472B250}"
EndProject
Project("{FAE04EC0-301F-11D3-BF4B-00C04F79EFBC}") = "Northwind.OrderManagement.Infrastructure", "Northwind.OrderManagement.Infrastructure\Northwind.OrderManagement.Infrastructure.csproj", "{7DA3AAE4-4423-4EE8-92D2-328EA59A75A8}"
EndProject
Global
	GlobalSection(SolutionConfigurationPlatforms) = preSolution
		Debug|Any CPU = Debug|Any CPU
		Debug|x64 = Debug|x64
		Debug|x86 = Debug|x86
		Release|Any CPU = Release|Any CPU
		Release|x64 = Release|x64
		Release|x86 = Release|x86
	EndGlobalSection
	GlobalSection(ProjectConfigurationPlatforms) = postSolution
		{EFB17797-6E8C-44EE-A1DD-E3CDD132C702}.Debug|Any CPU.ActiveCfg = Debug|Any CPU
		{EFB17797-6E8C-44EE-A1DD-E3CDD132C702}.Debug|Any CPU.Build.0 = Debug|Any CPU
		{EFB17797-6E8C-44EE-A1DD-E3CDD132C702}.Debug|x64.ActiveCfg = Debug|Any CPU
		{EFB17797-6E8C-44EE-A1DD-E3CDD132C702}.Debug|x64.Build.0 = Debug|Any CPU
		{EFB17797-6E8C-44EE-A1DD-E3CDD132C702}.Debug|x86.ActiveCfg = Debug|Any CPU
		{EFB17797-6E8C-44EE-A1DD-E3CDD132C702}.Debug|x86.Build.0 = Debug|Any CPU
		{EFB17797-6E8C-44EE-A1DD-E3CDD132C702}.Release|Any CPU.ActiveCfg = Release|Any CPU
		{EFB17797-6E8C-44EE-A1DD-E3CDD132C702}.Release|Any CPU.Build.0 = Release|Any CPU
		{EFB17797-6E8C-44EE-A1DD-E3CDD132C702}.Release|x64.ActiveCfg = Release|Any CPU
		{EFB17797-6E8C-44EE-A1DD-E3CDD132C702}.Release|x64.Build.0 = Release|Any CPU
		{EFB17797-6E8C-44EE-A1DD-E3CDD132C702}.Release|x86.ActiveCfg = Release|Any CPU
		{EFB17797-6E8C-44EE-A1DD-E3CDD132C702}.Release|x86.Build.0 = Release|Any CPU
		{6EFEC3A5-2652-443E-A132-8FFAF8F17997}.Debug|Any CPU.ActiveCfg = Debug|Any CPU
		{6EFEC3A5-2652-443E-A132-8FFAF8F17997}.Debug|Any CPU.Build.0 = Debug|Any CPU
		{6EFEC3A5-2652-443E-A132-8FFAF8F17997}.Debug|x64.ActiveCfg = Debug|Any CPU
		{6EFEC3A5-2652-443E-A132-8FFAF8F17997}.Debug|x64.Build.0 = Debug|Any CPU
		{6EFEC3A5-2652-443E-A132-8FFAF8F17997}.Debug|x86.ActiveCfg = Debug|Any CPU
		{6EFEC3A5-2652-443E-A132-8FFAF8F17997}.Debug|x86.Build.0 = Debug|Any CPU
		{6EFEC3A5-2652-443E-A132-8FFAF8F17997}.Release|Any CPU.ActiveCfg = Release|Any CPU
		{6EFEC3A5-2652-443E-A132-8FFAF8F17997}.Release|Any CPU.Build.0 = Release|Any CPU
		{6EFEC3A5-2652-443E-A132-8FFAF8F17997}.Release|x64.ActiveCfg = Release|Any CPU
		{6EFEC3A5-2652-443E-A132-8FFAF8F17997}.Release|x64.Build.0 = Release|Any CPU
		{6EFEC3A5-2652-443E-A132-8FFAF8F17997}.Release|x86.ActiveCfg = Release|Any CPU
		{6EFEC3A5-2652-443E-A132-8FFAF8F17997}.Release|x86.Build.0 = Release|Any CPU
		{4F971B5F-FB0F-43FC-80D9-D0FD6472B250}.Debug|Any CPU.ActiveCfg = Debug|Any CPU
		{4F971B5F-FB0F-43FC-80D9-D0FD6472B250}.Debug|Any CPU.Build.0 = Debug|Any CPU
		{4F971B5F-FB0F-43FC-80D9-D0FD6472B250}.Debug|x64.ActiveCfg = Debug|Any CPU
		{4F971B5F-FB0F-43FC-80D9-D0FD6472B250}.Debug|x64.Build.0 = Debug|Any CPU
		{4F971B5F-FB0F-43FC-80D9-D0FD6472B250}.Debug|x86.ActiveCfg = Debug|Any CPU
		{4F971B5F-FB0F-43FC-80D9-D0FD6472B250}.Debug|x86.Build.0 = Debug|Any CPU
		{4F971B5F-FB0F-43FC-80D9-D0FD6472B250}.Release|Any CPU.ActiveCfg = Release|Any CPU
		{4F971B5F-FB0F-43FC-80D9-D0FD6472B250}.Release|Any CPU.Build.0 = Release|Any CPU
		{4F971B5F-FB0F-43FC-80D9-D0FD6472B250}.Release|x64.ActiveCfg = Release|Any CPU
		{4F971B5F-FB0F-43FC-80D9-D0FD6472B250}.Release|x64.Build.0 = Release|Any CPU
		{4F971B5F-FB0F-43FC-80D9-D0FD6472B250}.Release|x86.ActiveCfg = Release|Any CPU
		{4F971B5F-FB0F-43FC-80D9-D0FD6472B250}.Release|x86.Build.0 = Release|Any CPU
		{7DA3AAE4-4423-4EE8-92D2-328EA59A75A8}.Debug|Any CPU.ActiveCfg = Debug|Any CPU
		{7DA3AAE4-4423-4EE8-92D2-328EA59A75A8}.Debug|Any CPU.Build.0 = Debug|Any CPU
		{7DA3AAE4-4423-4EE8-92D2-328EA59A75A8}.Debug|x64.ActiveCfg = Debug|Any CPU
		{7DA3AAE4-4423-4EE8-92D2-328EA59A75A8}.Debug|x64.Build.0 = Debug|Any CPU
		{7DA3AAE4-4423-4EE8-92D2-328EA59A75A8}.Debug|x86.ActiveCfg = Debug|Any CPU
		{7DA3AAE4-4423-4EE8-92D2-328EA59A75A8}.Debug|x86.Build.0 = Debug|Any CPU
		{7DA3AAE4-4423-4EE8-92D2-328EA59A75A8}.Release|Any CPU.ActiveCfg = Release|Any CPU
		{7DA3AAE4-4423-4EE8-92D2-328EA59A75A8}.Release|Any CPU.Build.0 = Release|Any CPU
		{7DA3AAE4-4423-4EE8-92D2-328EA59A75A8}.Release|x64.ActiveCfg = Release|Any CPU
		{7DA3AAE4-4423-4EE8-92D2-328EA59A75A8}.Release|x64.Build.0 = Release|Any CPU
		{7DA3AAE4-4423-4EE8-92D2-328EA59A75A8}.Release|x86.ActiveCfg = Release|Any CPU
		{7DA3AAE4-4423-4EE8-92D2-328EA59A75A8}.Release|x86.Build.0 = Release|Any CPU
	EndGlobalSection
	GlobalSection(SolutionProperties) = preSolution
		HideSolutionNode = FALSE
	EndGlobalSection
EndGlobal
